
Microsoft Visual Studio Solution File, Format Version 12.00
# Visual Studio 15
VisualStudioVersion = 15.0.28307.1401
MinimumVisualStudioVersion = 10.0.40219.1
Project("{FAE04EC0-301F-11D3-BF4B-00C04F79EFBC}") = "Projetos", "Projetos\Projetos.csproj", "{721B305C-F609-4F0A-B749-CCC844FBBF5A}"
EndProject
Global
	GlobalSection(SolutionConfigurationPlatforms) = preSolution
		Debug|Any CPU = Debug|Any CPU
		Release|Any CPU = Release|Any CPU
	EndGlobalSection
	GlobalSection(ProjectConfigurationPlatforms) = postSolution
		{721B305C-F609-4F0A-B749-CCC844FBBF5A}.Debug|Any CPU.ActiveCfg = Debug|Any CPU
		{721B305C-F609-4F0A-B749-CCC844FBBF5A}.Debug|Any CPU.Build.0 = Debug|Any CPU
		{721B305C-F609-4F0A-B749-CCC844FBBF5A}.Release|Any CPU.ActiveCfg = Release|Any CPU
		{721B305C-F609-4F0A-B749-CCC844FBBF5A}.Release|Any CPU.Build.0 = Release|Any CPU
	EndGlobalSection
	GlobalSection(SolutionProperties) = preSolution
		HideSolutionNode = FALSE
	EndGlobalSection
	GlobalSection(ExtensibilityGlobals) = postSolution
		SolutionGuid = {2D4C2D65-043F-401D-8FE4-2066DC0DA06B}
	EndGlobalSection
EndGlobal
